
Microsoft Visual Studio Solution File, Format Version 12.00
# Visual Studio Version 16
VisualStudioVersion = 16.0.31624.102
MinimumVisualStudioVersion = 10.0.40219.1
Project("{9A19103F-16F7-4668-BE54-9A1E7A4F7556}") = "opencvsharphelper", "opencvsharphelper\opencvsharphelper.csproj", "{37750FE3-2B96-495C-B4BE-F7DABB3F3C04}"
EndProject
Project("{9A19103F-16F7-4668-BE54-9A1E7A4F7556}") = "ModuleOpenCVSharp", "Module\ModuleOpenCVSharp.csproj", "{CA8B7410-0A69-4AFD-8E0B-FDF4A94EC5E8}"
EndProject
Project("{9A19103F-16F7-4668-BE54-9A1E7A4F7556}") = "MvvmTextEditor", "MvvmTextEditor\MvvmTextEditor.csproj", "{B2047F6A-3BDF-4C7D-A0D9-03354B1D8DF5}"
EndProject
Project("{9A19103F-16F7-4668-BE54-9A1E7A4F7556}") = "ModuleCore", "ModuleCore\ModuleCore.csproj", "{E35F744B-3087-496C-A014-EF59ACCB8453}"
EndProject
Project("{2150E333-8FDC-42A3-9474-1A3956D46DE8}") = "Solution Items", "Solution Items", "{0D2BF356-F20B-48AF-B137-BB8AD8F26752}"
	ProjectSection(SolutionItems) = preProject
		README.md = README.md
	EndProjectSection
EndProject
Global
	GlobalSection(SolutionConfigurationPlatforms) = preSolution
		Debug|Any CPU = Debug|Any CPU
		Release|Any CPU = Release|Any CPU
	EndGlobalSection
	GlobalSection(ProjectConfigurationPlatforms) = postSolution
		{37750FE3-2B96-495C-B4BE-F7DABB3F3C04}.Debug|Any CPU.ActiveCfg = Debug|Any CPU
		{37750FE3-2B96-495C-B4BE-F7DABB3F3C04}.Debug|Any CPU.Build.0 = Debug|Any CPU
		{37750FE3-2B96-495C-B4BE-F7DABB3F3C04}.Release|Any CPU.ActiveCfg = Release|Any CPU
		{37750FE3-2B96-495C-B4BE-F7DABB3F3C04}.Release|Any CPU.Build.0 = Release|Any CPU
		{CA8B7410-0A69-4AFD-8E0B-FDF4A94EC5E8}.Debug|Any CPU.ActiveCfg = Debug|Any CPU
		{CA8B7410-0A69-4AFD-8E0B-FDF4A94EC5E8}.Debug|Any CPU.Build.0 = Debug|Any CPU
		{CA8B7410-0A69-4AFD-8E0B-FDF4A94EC5E8}.Release|Any CPU.ActiveCfg = Release|Any CPU
		{CA8B7410-0A69-4AFD-8E0B-FDF4A94EC5E8}.Release|Any CPU.Build.0 = Release|Any CPU
		{B2047F6A-3BDF-4C7D-A0D9-03354B1D8DF5}.Debug|Any CPU.ActiveCfg = Debug|Any CPU
		{B2047F6A-3BDF-4C7D-A0D9-03354B1D8DF5}.Debug|Any CPU.Build.0 = Debug|Any CPU
		{B2047F6A-3BDF-4C7D-A0D9-03354B1D8DF5}.Release|Any CPU.ActiveCfg = Release|Any CPU
		{B2047F6A-3BDF-4C7D-A0D9-03354B1D8DF5}.Release|Any CPU.Build.0 = Release|Any CPU
		{E35F744B-3087-496C-A014-EF59ACCB8453}.Debug|Any CPU.ActiveCfg = Debug|Any CPU
		{E35F744B-3087-496C-A014-EF59ACCB8453}.Debug|Any CPU.Build.0 = Debug|Any CPU
		{E35F744B-3087-496C-A014-EF59ACCB8453}.Release|Any CPU.ActiveCfg = Release|Any CPU
		{E35F744B-3087-496C-A014-EF59ACCB8453}.Release|Any CPU.Build.0 = Release|Any CPU
	EndGlobalSection
	GlobalSection(SolutionProperties) = preSolution
		HideSolutionNode = FALSE
	EndGlobalSection
	GlobalSection(ExtensibilityGlobals) = postSolution
		SolutionGuid = {95B100E0-CF21-4EEB-BF60-0B410D1846C9}
	EndGlobalSection
EndGlobal
