
Microsoft Visual Studio Solution File, Format Version 12.00
# Visual Studio Version 16
VisualStudioVersion = 16.0.31613.86
MinimumVisualStudioVersion = 10.0.40219.1
Project("{9A19103F-16F7-4668-BE54-9A1E7A4F7556}") = "opencvsharphelper", "opencvsharphelper\opencvsharphelper.csproj", "{37750FE3-2B96-495C-B4BE-F7DABB3F3C04}"
EndProject
Project("{9A19103F-16F7-4668-BE54-9A1E7A4F7556}") = "ModuleOpenCVSharp", "Module\ModuleOpenCVSharp.csproj", "{CA8B7410-0A69-4AFD-8E0B-FDF4A94EC5E8}"
EndProject
Project("{9A19103F-16F7-4668-BE54-9A1E7A4F7556}") = "MvvmTextEditor", "MvvmTextEditor\MvvmTextEditor.csproj", "{B2047F6A-3BDF-4C7D-A0D9-03354B1D8DF5}"
EndProject
Project("{9A19103F-16F7-4668-BE54-9A1E7A4F7556}") = "ModuleCore", "ModuleCore\ModuleCore.csproj", "{E35F744B-3087-496C-A014-EF59ACCB8453}"
EndProject
Project("{8BC9CEB8-8B4A-11D0-8D11-00A0C91BC942}") = "opencvcli", "..\opencvcli\opencvcli.vcxproj", "{E97F336E-2CB4-4753-BC5E-0063B1AE0CE8}"
EndProject
Global
	GlobalSection(SolutionConfigurationPlatforms) = preSolution
		Debug|Any CPU = Debug|Any CPU
		Debug|x64 = Debug|x64
		Release|Any CPU = Release|Any CPU
		Release|x64 = Release|x64
	EndGlobalSection
	GlobalSection(ProjectConfigurationPlatforms) = postSolution
		{37750FE3-2B96-495C-B4BE-F7DABB3F3C04}.Debug|Any CPU.ActiveCfg = Debug|Any CPU
		{37750FE3-2B96-495C-B4BE-F7DABB3F3C04}.Debug|Any CPU.Build.0 = Debug|Any CPU
		{37750FE3-2B96-495C-B4BE-F7DABB3F3C04}.Debug|x64.ActiveCfg = Debug|Any CPU
		{37750FE3-2B96-495C-B4BE-F7DABB3F3C04}.Debug|x64.Build.0 = Debug|Any CPU
		{37750FE3-2B96-495C-B4BE-F7DABB3F3C04}.Release|Any CPU.ActiveCfg = Release|Any CPU
		{37750FE3-2B96-495C-B4BE-F7DABB3F3C04}.Release|Any CPU.Build.0 = Release|Any CPU
		{37750FE3-2B96-495C-B4BE-F7DABB3F3C04}.Release|x64.ActiveCfg = Release|Any CPU
		{37750FE3-2B96-495C-B4BE-F7DABB3F3C04}.Release|x64.Build.0 = Release|Any CPU
		{CA8B7410-0A69-4AFD-8E0B-FDF4A94EC5E8}.Debug|Any CPU.ActiveCfg = Debug|Any CPU
		{CA8B7410-0A69-4AFD-8E0B-FDF4A94EC5E8}.Debug|Any CPU.Build.0 = Debug|Any CPU
		{CA8B7410-0A69-4AFD-8E0B-FDF4A94EC5E8}.Debug|x64.ActiveCfg = Debug|Any CPU
		{CA8B7410-0A69-4AFD-8E0B-FDF4A94EC5E8}.Debug|x64.Build.0 = Debug|Any CPU
		{CA8B7410-0A69-4AFD-8E0B-FDF4A94EC5E8}.Release|Any CPU.ActiveCfg = Release|Any CPU
		{CA8B7410-0A69-4AFD-8E0B-FDF4A94EC5E8}.Release|Any CPU.Build.0 = Release|Any CPU
		{CA8B7410-0A69-4AFD-8E0B-FDF4A94EC5E8}.Release|x64.ActiveCfg = Release|Any CPU
		{CA8B7410-0A69-4AFD-8E0B-FDF4A94EC5E8}.Release|x64.Build.0 = Release|Any CPU
		{B2047F6A-3BDF-4C7D-A0D9-03354B1D8DF5}.Debug|Any CPU.ActiveCfg = Debug|Any CPU
		{B2047F6A-3BDF-4C7D-A0D9-03354B1D8DF5}.Debug|Any CPU.Build.0 = Debug|Any CPU
		{B2047F6A-3BDF-4C7D-A0D9-03354B1D8DF5}.Debug|x64.ActiveCfg = Debug|Any CPU
		{B2047F6A-3BDF-4C7D-A0D9-03354B1D8DF5}.Debug|x64.Build.0 = Debug|Any CPU
		{B2047F6A-3BDF-4C7D-A0D9-03354B1D8DF5}.Release|Any CPU.ActiveCfg = Release|Any CPU
		{B2047F6A-3BDF-4C7D-A0D9-03354B1D8DF5}.Release|Any CPU.Build.0 = Release|Any CPU
		{B2047F6A-3BDF-4C7D-A0D9-03354B1D8DF5}.Release|x64.ActiveCfg = Release|Any CPU
		{B2047F6A-3BDF-4C7D-A0D9-03354B1D8DF5}.Release|x64.Build.0 = Release|Any CPU
		{E35F744B-3087-496C-A014-EF59ACCB8453}.Debug|Any CPU.ActiveCfg = Debug|Any CPU
		{E35F744B-3087-496C-A014-EF59ACCB8453}.Debug|Any CPU.Build.0 = Debug|Any CPU
		{E35F744B-3087-496C-A014-EF59ACCB8453}.Debug|x64.ActiveCfg = Debug|Any CPU
		{E35F744B-3087-496C-A014-EF59ACCB8453}.Debug|x64.Build.0 = Debug|Any CPU
		{E35F744B-3087-496C-A014-EF59ACCB8453}.Release|Any CPU.ActiveCfg = Release|Any CPU
		{E35F744B-3087-496C-A014-EF59ACCB8453}.Release|Any CPU.Build.0 = Release|Any CPU
		{E35F744B-3087-496C-A014-EF59ACCB8453}.Release|x64.ActiveCfg = Release|Any CPU
		{E35F744B-3087-496C-A014-EF59ACCB8453}.Release|x64.Build.0 = Release|Any CPU
		{E97F336E-2CB4-4753-BC5E-0063B1AE0CE8}.Debug|Any CPU.ActiveCfg = Release|x64
		{E97F336E-2CB4-4753-BC5E-0063B1AE0CE8}.Debug|Any CPU.Build.0 = Release|x64
		{E97F336E-2CB4-4753-BC5E-0063B1AE0CE8}.Debug|x64.ActiveCfg = Release|x64
		{E97F336E-2CB4-4753-BC5E-0063B1AE0CE8}.Debug|x64.Build.0 = Release|x64
		{E97F336E-2CB4-4753-BC5E-0063B1AE0CE8}.Release|Any CPU.ActiveCfg = Release|x64
		{E97F336E-2CB4-4753-BC5E-0063B1AE0CE8}.Release|x64.ActiveCfg = Release|x64
		{E97F336E-2CB4-4753-BC5E-0063B1AE0CE8}.Release|x64.Build.0 = Release|x64
	EndGlobalSection
	GlobalSection(SolutionProperties) = preSolution
		HideSolutionNode = FALSE
	EndGlobalSection
	GlobalSection(ExtensibilityGlobals) = postSolution
		SolutionGuid = {95B100E0-CF21-4EEB-BF60-0B410D1846C9}
	EndGlobalSection
EndGlobal
